
Microsoft Visual Studio Solution File, Format Version 12.00
# Visual Studio 15
VisualStudioVersion = 15.0.27703.2026
MinimumVisualStudioVersion = 10.0.40219.1
Project("{D954291E-2A0B-460D-934E-DC6B0785DB48}") = "HelloWorld", "HelloWorld\HelloWorld.shproj", "{A9A3A801-3ADC-4E1B-9241-D2C39602DA9B}"
EndProject
Global
	GlobalSection(SharedMSBuildProjectFiles) = preSolution
		HelloWorld\HelloWorld.projitems*{a9a3a801-3adc-4e1b-9241-d2c39602da9b}*SharedItemsImports = 13
	EndGlobalSection
	GlobalSection(SolutionProperties) = preSolution
		HideSolutionNode = FALSE
	EndGlobalSection
	GlobalSection(ExtensibilityGlobals) = postSolution
		SolutionGuid = {EF315B28-F462-4C89-8E19-500650A62F37}
	EndGlobalSection
EndGlobal
